
Microsoft Visual Studio Solution File, Format Version 12.00
# Visual Studio Version 16
VisualStudioVersion = 16.0.31424.327
MinimumVisualStudioVersion = 10.0.40219.1
Project("{FAE04EC0-301F-11D3-BF4B-00C04F79EFBC}") = "Miniprojekti", "Miniprojekti\Miniprojekti.csproj", "{95D4C70F-E35F-416A-A145-B046EBABA844}"
EndProject
Global
	GlobalSection(SolutionConfigurationPlatforms) = preSolution
		Debug|Any CPU = Debug|Any CPU
		Release|Any CPU = Release|Any CPU
	EndGlobalSection
	GlobalSection(ProjectConfigurationPlatforms) = postSolution
		{95D4C70F-E35F-416A-A145-B046EBABA844}.Debug|Any CPU.ActiveCfg = Debug|Any CPU
		{95D4C70F-E35F-416A-A145-B046EBABA844}.Debug|Any CPU.Build.0 = Debug|Any CPU
		{95D4C70F-E35F-416A-A145-B046EBABA844}.Release|Any CPU.ActiveCfg = Release|Any CPU
		{95D4C70F-E35F-416A-A145-B046EBABA844}.Release|Any CPU.Build.0 = Release|Any CPU
	EndGlobalSection
	GlobalSection(SolutionProperties) = preSolution
		HideSolutionNode = FALSE
	EndGlobalSection
	GlobalSection(ExtensibilityGlobals) = postSolution
		SolutionGuid = {6EBC3CF8-501B-47AD-98DA-02097C3F3882}
	EndGlobalSection
EndGlobal
